
Microsoft Visual Studio Solution File, Format Version 12.00
# Visual Studio 15
Project("{FAE04EC0-301F-11D3-BF4B-00C04F79EFBC}") = "IdentityProvider", "IdentityProvider\IdentityProvider.csproj", "{A0CBBC4E-1913-41BE-A9E4-2668578388FF}"
EndProject
Project("{FAE04EC0-301F-11D3-BF4B-00C04F79EFBC}") = "ResourceAPI", "ResourceAPI\ResourceAPI.csproj", "{227696E1-19C9-45A8-9089-92E9214A16F8}"
EndProject
Project("{FAE04EC0-301F-11D3-BF4B-00C04F79EFBC}") = "ClientApp", "ClientApp\ClientApp.csproj", "{F5BEBB86-CFA2-4B44-A5AE-A076E35B9A6A}"
EndProject
Global
	GlobalSection(SolutionConfigurationPlatforms) = preSolution
		Debug|Any CPU = Debug|Any CPU
		Release|Any CPU = Release|Any CPU
	EndGlobalSection
	GlobalSection(ProjectConfigurationPlatforms) = postSolution
		{A0CBBC4E-1913-41BE-A9E4-2668578388FF}.Debug|Any CPU.ActiveCfg = Debug|Any CPU
		{A0CBBC4E-1913-41BE-A9E4-2668578388FF}.Debug|Any CPU.Build.0 = Debug|Any CPU
		{A0CBBC4E-1913-41BE-A9E4-2668578388FF}.Release|Any CPU.ActiveCfg = Release|Any CPU
		{A0CBBC4E-1913-41BE-A9E4-2668578388FF}.Release|Any CPU.Build.0 = Release|Any CPU
		{227696E1-19C9-45A8-9089-92E9214A16F8}.Debug|Any CPU.ActiveCfg = Debug|Any CPU
		{227696E1-19C9-45A8-9089-92E9214A16F8}.Debug|Any CPU.Build.0 = Debug|Any CPU
		{227696E1-19C9-45A8-9089-92E9214A16F8}.Release|Any CPU.ActiveCfg = Release|Any CPU
		{227696E1-19C9-45A8-9089-92E9214A16F8}.Release|Any CPU.Build.0 = Release|Any CPU
		{F5BEBB86-CFA2-4B44-A5AE-A076E35B9A6A}.Debug|Any CPU.ActiveCfg = Debug|Any CPU
		{F5BEBB86-CFA2-4B44-A5AE-A076E35B9A6A}.Debug|Any CPU.Build.0 = Debug|Any CPU
		{F5BEBB86-CFA2-4B44-A5AE-A076E35B9A6A}.Release|Any CPU.ActiveCfg = Release|Any CPU
		{F5BEBB86-CFA2-4B44-A5AE-A076E35B9A6A}.Release|Any CPU.Build.0 = Release|Any CPU
	EndGlobalSection
EndGlobal
